
Microsoft Visual Studio Solution File, Format Version 12.00
# Visual Studio Version 17
VisualStudioVersion = 17.9.34616.47
MinimumVisualStudioVersion = 10.0.40219.1
Project("{FAE04EC0-301F-11D3-BF4B-00C04F79EFBC}") = "Injector.Test", "Injector.Test\Injector.Test.csproj", "{35AF56B6-CE88-49EB-983E-0FB8BFD5A6DF}"
EndProject
Global
	GlobalSection(SolutionConfigurationPlatforms) = preSolution
		Debug|Any CPU = Debug|Any CPU
		Release|Any CPU = Release|Any CPU
	EndGlobalSection
	GlobalSection(ProjectConfigurationPlatforms) = postSolution
		{35AF56B6-CE88-49EB-983E-0FB8BFD5A6DF}.Debug|Any CPU.ActiveCfg = Debug|Any CPU
		{35AF56B6-CE88-49EB-983E-0FB8BFD5A6DF}.Debug|Any CPU.Build.0 = Debug|Any CPU
		{35AF56B6-CE88-49EB-983E-0FB8BFD5A6DF}.Release|Any CPU.ActiveCfg = Release|Any CPU
		{35AF56B6-CE88-49EB-983E-0FB8BFD5A6DF}.Release|Any CPU.Build.0 = Release|Any CPU
	EndGlobalSection
	GlobalSection(SolutionProperties) = preSolution
		HideSolutionNode = FALSE
	EndGlobalSection
	GlobalSection(ExtensibilityGlobals) = postSolution
		SolutionGuid = {8459243E-F73B-4E38-8EDC-C51ED4019164}
	EndGlobalSection
EndGlobal
